// !$*UTF8*$!
{
	archiveVersion = 1;
	classes = {
	};
	objectVersion = 45;
	objects = {

/* Begin PBXBuildFile section */
		224339580A6F05F3000348D4 /* WebKit.framework in Frameworks */ = {isa = PBXBuildFile; fileRef = 224339570A6F05F3000348D4 /* WebKit.framework */; };
		55339DFB0F2AB7EB0051948D /* GDataEntrySpreadsheetList.m in Sources */ = {isa = PBXBuildFile; fileRef = 55339DE00F2AB7EB0051948D /* GDataEntrySpreadsheetList.m */; };
		55339DFC0F2AB7EB0051948D /* GDataFeedWorksheet.m in Sources */ = {isa = PBXBuildFile; fileRef = 55339DE10F2AB7EB0051948D /* GDataFeedWorksheet.m */; };
		55339DFD0F2AB7EB0051948D /* GDataFeedSpreadsheetList.m in Sources */ = {isa = PBXBuildFile; fileRef = 55339DE30F2AB7EB0051948D /* GDataFeedSpreadsheetList.m */; };
		55339DFE0F2AB7EB0051948D /* GDataRowColumnCount.m in Sources */ = {isa = PBXBuildFile; fileRef = 55339DE50F2AB7EB0051948D /* GDataRowColumnCount.m */; };
		55339DFF0F2AB7EB0051948D /* GDataQuerySpreadsheet.m in Sources */ = {isa = PBXBuildFile; fileRef = 55339DE70F2AB7EB0051948D /* GDataQuerySpreadsheet.m */; };
		55339E000F2AB7EB0051948D /* GDataEntrySpreadsheetCell.m in Sources */ = {isa = PBXBuildFile; fileRef = 55339DEA0F2AB7EB0051948D /* GDataEntrySpreadsheetCell.m */; };
		55339E010F2AB7EB0051948D /* GDataEntryWorksheet.m in Sources */ = {isa = PBXBuildFile; fileRef = 55339DEC0F2AB7EB0051948D /* GDataEntryWorksheet.m */; };
		55339E020F2AB7EB0051948D /* GDataEntrySpreadsheet.m in Sources */ = {isa = PBXBuildFile; fileRef = 55339DEE0F2AB7EB0051948D /* GDataEntrySpreadsheet.m */; };
		55339E030F2AB7EB0051948D /* GDataSpreadsheetCustomElement.m in Sources */ = {isa = PBXBuildFile; fileRef = 55339DF00F2AB7EB0051948D /* GDataSpreadsheetCustomElement.m */; };
		55339E040F2AB7EB0051948D /* GDataSpreadsheetCell.m in Sources */ = {isa = PBXBuildFile; fileRef = 55339DF20F2AB7EB0051948D /* GDataSpreadsheetCell.m */; };
		55339E050F2AB7EB0051948D /* GDataServiceGoogleSpreadsheet.m in Sources */ = {isa = PBXBuildFile; fileRef = 55339DF50F2AB7EB0051948D /* GDataServiceGoogleSpreadsheet.m */; };
		55339E060F2AB7EB0051948D /* GDataFeedSpreadsheetCell.m in Sources */ = {isa = PBXBuildFile; fileRef = 55339DF70F2AB7EB0051948D /* GDataFeedSpreadsheetCell.m */; };
		55339E070F2AB7EB0051948D /* GDataFeedSpreadsheet.m in Sources */ = {isa = PBXBuildFile; fileRef = 55339DF90F2AB7EB0051948D /* GDataFeedSpreadsheet.m */; };
		55339E1F0F2AB8350051948D /* GDataQuery.m in Sources */ = {isa = PBXBuildFile; fileRef = 55339E0B0F2AB8350051948D /* GDataQuery.m */; };
		55339E200F2AB8350051948D /* GDataServiceGoogle.m in Sources */ = {isa = PBXBuildFile; fileRef = 55339E0C0F2AB8350051948D /* GDataServiceGoogle.m */; };
		55339E210F2AB8350051948D /* GDataEntryEvent.m in Sources */ = {isa = PBXBuildFile; fileRef = 55339E0D0F2AB8350051948D /* GDataEntryEvent.m */; };
		55339E220F2AB8350051948D /* GDataEntryMessage.m in Sources */ = {isa = PBXBuildFile; fileRef = 55339E100F2AB8350051948D /* GDataEntryMessage.m */; };
		55339E230F2AB8350051948D /* GDataServiceBase.m in Sources */ = {isa = PBXBuildFile; fileRef = 55339E150F2AB8350051948D /* GDataServiceBase.m */; };
		55339E240F2AB8350051948D /* GDataEntryBase.m in Sources */ = {isa = PBXBuildFile; fileRef = 55339E160F2AB8350051948D /* GDataEntryBase.m */; };
		55339E250F2AB8350051948D /* GDataObject.m in Sources */ = {isa = PBXBuildFile; fileRef = 55339E180F2AB8350051948D /* GDataObject.m */; };
		55339E260F2AB8350051948D /* GDataFeedBase.m in Sources */ = {isa = PBXBuildFile; fileRef = 55339E190F2AB8350051948D /* GDataFeedBase.m */; };
		55339E270F2AB8350051948D /* GDataFeedEvent.m in Sources */ = {isa = PBXBuildFile; fileRef = 55339E1B0F2AB8350051948D /* GDataFeedEvent.m */; };
		55339E280F2AB8350051948D /* GDataFeedMessage.m in Sources */ = {isa = PBXBuildFile; fileRef = 55339E1C0F2AB8350051948D /* GDataFeedMessage.m */; };
		55339E710F2AB8880051948D /* GDataAtomPubControl.m in Sources */ = {isa = PBXBuildFile; fileRef = 55339E2D0F2AB8880051948D /* GDataAtomPubControl.m */; };
		55339E720F2AB8880051948D /* GDataRating.m in Sources */ = {isa = PBXBuildFile; fileRef = 55339E2E0F2AB8880051948D /* GDataRating.m */; };
		55339E730F2AB8880051948D /* GDataPhoneNumber.m in Sources */ = {isa = PBXBuildFile; fileRef = 55339E300F2AB8880051948D /* GDataPhoneNumber.m */; };
		55339E740F2AB8880051948D /* GDataFeedLink.m in Sources */ = {isa = PBXBuildFile; fileRef = 55339E320F2AB8880051948D /* GDataFeedLink.m */; };
		55339E750F2AB8880051948D /* GDataRecurrence.m in Sources */ = {isa = PBXBuildFile; fileRef = 55339E330F2AB8880051948D /* GDataRecurrence.m */; };
		55339E760F2AB8880051948D /* GDataGeoPt.m in Sources */ = {isa = PBXBuildFile; fileRef = 55339E350F2AB8880051948D /* GDataGeoPt.m */; };
		55339E770F2AB8880051948D /* GDataDeleted.m in Sources */ = {isa = PBXBuildFile; fileRef = 55339E370F2AB8880051948D /* GDataDeleted.m */; };
		55339E780F2AB8880051948D /* GDataPostalAddress.m in Sources */ = {isa = PBXBuildFile; fileRef = 55339E380F2AB8880051948D /* GDataPostalAddress.m */; };
		55339E790F2AB8880051948D /* GDataWhen.m in Sources */ = {isa = PBXBuildFile; fileRef = 55339E3A0F2AB8880051948D /* GDataWhen.m */; };
		55339E7A0F2AB8880051948D /* GDataPerson.m in Sources */ = {isa = PBXBuildFile; fileRef = 55339E3C0F2AB8880051948D /* GDataPerson.m */; };
		55339E7B0F2AB8880051948D /* GDataOriginalEvent.m in Sources */ = {isa = PBXBuildFile; fileRef = 55339E3E0F2AB8880051948D /* GDataOriginalEvent.m */; };
		55339E7C0F2AB8880051948D /* GDataRecurrenceException.m in Sources */ = {isa = PBXBuildFile; fileRef = 55339E400F2AB8880051948D /* GDataRecurrenceException.m */; };
		55339E7D0F2AB8880051948D /* GDataBatchID.m in Sources */ = {isa = PBXBuildFile; fileRef = 55339E430F2AB8880051948D /* GDataBatchID.m */; };
		55339E7E0F2AB8880051948D /* GDataBatchInterrupted.m in Sources */ = {isa = PBXBuildFile; fileRef = 55339E440F2AB8880051948D /* GDataBatchInterrupted.m */; };
		55339E7F0F2AB8880051948D /* GDataWho.m in Sources */ = {isa = PBXBuildFile; fileRef = 55339E450F2AB8880051948D /* GDataWho.m */; };
		55339E800F2AB8880051948D /* GDataOrganization.m in Sources */ = {isa = PBXBuildFile; fileRef = 55339E470F2AB8880051948D /* GDataOrganization.m */; };
		55339E810F2AB8880051948D /* GDataBatchOperation.m in Sources */ = {isa = PBXBuildFile; fileRef = 55339E490F2AB8880051948D /* GDataBatchOperation.m */; };
		55339E820F2AB8880051948D /* GDataMoney.m in Sources */ = {isa = PBXBuildFile; fileRef = 55339E4B0F2AB8880051948D /* GDataMoney.m */; };
		55339E830F2AB8880051948D /* GDataValueConstruct.m in Sources */ = {isa = PBXBuildFile; fileRef = 55339E4D0F2AB8880051948D /* GDataValueConstruct.m */; };
		55339E840F2AB8880051948D /* GDataEntryLink.m in Sources */ = {isa = PBXBuildFile; fileRef = 55339E4F0F2AB8880051948D /* GDataEntryLink.m */; };
		55339E850F2AB8880051948D /* GDataIM.m in Sources */ = {isa = PBXBuildFile; fileRef = 55339E500F2AB8880051948D /* GDataIM.m */; };
		55339E860F2AB8880051948D /* GDataBatchStatus.m in Sources */ = {isa = PBXBuildFile; fileRef = 55339E520F2AB8880051948D /* GDataBatchStatus.m */; };
		55339E870F2AB8880051948D /* GDataLink.m in Sources */ = {isa = PBXBuildFile; fileRef = 55339E530F2AB8880051948D /* GDataLink.m */; };
		55339E880F2AB8880051948D /* GDataGenerator.m in Sources */ = {isa = PBXBuildFile; fileRef = 55339E580F2AB8880051948D /* GDataGenerator.m */; };
		55339E890F2AB8880051948D /* GDataWhere.m in Sources */ = {isa = PBXBuildFile; fileRef = 55339E5A0F2AB8880051948D /* GDataWhere.m */; };
		55339E8A0F2AB8880051948D /* GDataBaseElements.m in Sources */ = {isa = PBXBuildFile; fileRef = 55339E5E0F2AB8880051948D /* GDataBaseElements.m */; };
		55339E8B0F2AB8880051948D /* GDataReminder.m in Sources */ = {isa = PBXBuildFile; fileRef = 55339E5F0F2AB8880051948D /* GDataReminder.m */; };
		55339E8C0F2AB8880051948D /* GDataEntryContent.m in Sources */ = {isa = PBXBuildFile; fileRef = 55339E610F2AB8880051948D /* GDataEntryContent.m */; };
		55339E8D0F2AB8880051948D /* GDataComment.m in Sources */ = {isa = PBXBuildFile; fileRef = 55339E640F2AB8880051948D /* GDataComment.m */; };
		55339E8E0F2AB8880051948D /* GDataDateTime.m in Sources */ = {isa = PBXBuildFile; fileRef = 55339E650F2AB8880051948D /* GDataDateTime.m */; };
		55339E8F0F2AB8880051948D /* GDataEmail.m in Sources */ = {isa = PBXBuildFile; fileRef = 55339E660F2AB8880051948D /* GDataEmail.m */; };
		55339E900F2AB8880051948D /* GDataTextConstruct.m in Sources */ = {isa = PBXBuildFile; fileRef = 55339E680F2AB8880051948D /* GDataTextConstruct.m */; };
		55339E910F2AB8880051948D /* GDataExtendedProperty.m in Sources */ = {isa = PBXBuildFile; fileRef = 55339E6D0F2AB8880051948D /* GDataExtendedProperty.m */; };
		55339E920F2AB8880051948D /* GDataCategory.m in Sources */ = {isa = PBXBuildFile; fileRef = 55339E6E0F2AB8880051948D /* GDataCategory.m */; };
		55339EA10F2AB8B90051948D /* GDataProgressMonitorInputStream.m in Sources */ = {isa = PBXBuildFile; fileRef = 55339E970F2AB8B90051948D /* GDataProgressMonitorInputStream.m */; };
		55339EA20F2AB8B90051948D /* GDataMIMEDocument.m in Sources */ = {isa = PBXBuildFile; fileRef = 55339E9A0F2AB8B90051948D /* GDataMIMEDocument.m */; };
		55339EA30F2AB8B90051948D /* GDataGatherInputStream.m in Sources */ = {isa = PBXBuildFile; fileRef = 55339E9D0F2AB8B90051948D /* GDataGatherInputStream.m */; };
		55339EA40F2AB8B90051948D /* GDataHTTPFetcherLogging.m in Sources */ = {isa = PBXBuildFile; fileRef = 55339E9E0F2AB8B90051948D /* GDataHTTPFetcherLogging.m */; };
		55339EA50F2AB8B90051948D /* GDataHTTPFetcher.m in Sources */ = {isa = PBXBuildFile; fileRef = 55339EA00F2AB8B90051948D /* GDataHTTPFetcher.m */; };
		55339EAD0F2AB8E50051948D /* GDataUtilities.m in Sources */ = {isa = PBXBuildFile; fileRef = 55339EAA0F2AB8E50051948D /* GDataUtilities.m */; };
		55339EAE0F2AB8E50051948D /* GDataFramework.m in Sources */ = {isa = PBXBuildFile; fileRef = 55339EAC0F2AB8E50051948D /* GDataFramework.m */; };
		55339EBD0F2AB9140051948D /* GDataACLRole.m in Sources */ = {isa = PBXBuildFile; fileRef = 55339EB60F2AB9140051948D /* GDataACLRole.m */; };
		55339EBE0F2AB9140051948D /* GDataACLScope.m in Sources */ = {isa = PBXBuildFile; fileRef = 55339EB70F2AB9140051948D /* GDataACLScope.m */; };
		55339EBF0F2AB9140051948D /* GDataEntryACL.m in Sources */ = {isa = PBXBuildFile; fileRef = 55339EB80F2AB9140051948D /* GDataEntryACL.m */; };
		55339EC00F2AB9140051948D /* GDataFeedACL.m in Sources */ = {isa = PBXBuildFile; fileRef = 55339EBB0F2AB9140051948D /* GDataFeedACL.m */; };
		55339ECC0F2ABA7D0051948D /* BudgetWatchWorksheet.m in Sources */ = {isa = PBXBuildFile; fileRef = 55339ECB0F2ABA7D0051948D /* BudgetWatchWorksheet.m */; };
		8D1AC96B0486D14A00FE50C9 /* BudgetWatchPluginView.m in Sources */ = {isa = PBXBuildFile; fileRef = 0259C576FE90428111CA0C5A /* BudgetWatchPluginView.m */; settings = {ATTRIBUTES = (); }; };
		8D1AC9700486D14A00FE50C9 /* Cocoa.framework in Frameworks */ = {isa = PBXBuildFile; fileRef = DD92D38A0106425D02CA0E72 /* Cocoa.framework */; };
		8D1AC9800486D23B00FE50C9 /* InfoPlist.strings in Resources */ = {isa = PBXBuildFile; fileRef = 8D1AC97F0486D23B00FE50C9 /* InfoPlist.strings */; };
/* End PBXBuildFile section */

/* Begin PBXFileReference section */
		0259C576FE90428111CA0C5A /* BudgetWatchPluginView.m */ = {isa = PBXFileReference; fileEncoding = 30; lastKnownFileType = sourcecode.c.objc; path = BudgetWatchPluginView.m; sourceTree = "<group>"; };
		0259C57AFE90428111CA0C5A /* BudgetWatchPluginView.h */ = {isa = PBXFileReference; fileEncoding = 30; lastKnownFileType = sourcecode.c.h; path = BudgetWatchPluginView.h; sourceTree = "<group>"; };
		224339570A6F05F3000348D4 /* WebKit.framework */ = {isa = PBXFileReference; lastKnownFileType = wrapper.framework; name = WebKit.framework; path = /System/Library/Frameworks/WebKit.framework; sourceTree = "<absolute>"; };
		32DBCF980370C29C00C91783 /* BudgetWatchPlugin_Prefix.pch */ = {isa = PBXFileReference; fileEncoding = 4; lastKnownFileType = sourcecode.c.h; path = BudgetWatchPlugin_Prefix.pch; sourceTree = "<group>"; };
		55339DE00F2AB7EB0051948D /* GDataEntrySpreadsheetList.m */ = {isa = PBXFileReference; fileEncoding = 4; lastKnownFileType = sourcecode.c.objc; name = GDataEntrySpreadsheetList.m; path = ../GData/Clients/Spreadsheets/GDataEntrySpreadsheetList.m; sourceTree = SOURCE_ROOT; };
		55339DE10F2AB7EB0051948D /* GDataFeedWorksheet.m */ = {isa = PBXFileReference; fileEncoding = 4; lastKnownFileType = sourcecode.c.objc; name = GDataFeedWorksheet.m; path = ../GData/Clients/Spreadsheets/GDataFeedWorksheet.m; sourceTree = SOURCE_ROOT; };
		55339DE20F2AB7EB0051948D /* GDataFeedWorksheet.h */ = {isa = PBXFileReference; fileEncoding = 4; lastKnownFileType = sourcecode.c.h; name = GDataFeedWorksheet.h; path = ../GData/Clients/Spreadsheets/GDataFeedWorksheet.h; sourceTree = SOURCE_ROOT; };
		55339DE30F2AB7EB0051948D /* GDataFeedSpreadsheetList.m */ = {isa = PBXFileReference; fileEncoding = 4; lastKnownFileType = sourcecode.c.objc; name = GDataFeedSpreadsheetList.m; path = ../GData/Clients/Spreadsheets/GDataFeedSpreadsheetList.m; sourceTree = SOURCE_ROOT; };
		55339DE40F2AB7EB0051948D /* GDataFeedSpreadsheetList.h */ = {isa = PBXFileReference; fileEncoding = 4; lastKnownFileType = sourcecode.c.h; name = GDataFeedSpreadsheetList.h; path = ../GData/Clients/Spreadsheets/GDataFeedSpreadsheetList.h; sourceTree = SOURCE_ROOT; };
		55339DE50F2AB7EB0051948D /* GDataRowColumnCount.m */ = {isa = PBXFileReference; fileEncoding = 4; lastKnownFileType = sourcecode.c.objc; name = GDataRowColumnCount.m; path = ../GData/Clients/Spreadsheets/GDataRowColumnCount.m; sourceTree = SOURCE_ROOT; };
		55339DE60F2AB7EB0051948D /* GDataRowColumnCount.h */ = {isa = PBXFileReference; fileEncoding = 4; lastKnownFileType = sourcecode.c.h; name = GDataRowColumnCount.h; path = ../GData/Clients/Spreadsheets/GDataRowColumnCount.h; sourceTree = SOURCE_ROOT; };
		55339DE70F2AB7EB0051948D /* GDataQuerySpreadsheet.m */ = {isa = PBXFileReference; fileEncoding = 4; lastKnownFileType = sourcecode.c.objc; name = GDataQuerySpreadsheet.m; path = ../GData/Clients/Spreadsheets/GDataQuerySpreadsheet.m; sourceTree = SOURCE_ROOT; };
		55339DE80F2AB7EB0051948D /* GDataQuerySpreadsheet.h */ = {isa = PBXFileReference; fileEncoding = 4; lastKnownFileType = sourcecode.c.h; name = GDataQuerySpreadsheet.h; path = ../GData/Clients/Spreadsheets/GDataQuerySpreadsheet.h; sourceTree = SOURCE_ROOT; };
		55339DE90F2AB7EB0051948D /* GDataEntrySpreadsheet.h */ = {isa = PBXFileReference; fileEncoding = 4; lastKnownFileType = sourcecode.c.h; name = GDataEntrySpreadsheet.h; path = ../GData/Clients/Spreadsheets/GDataEntrySpreadsheet.h; sourceTree = SOURCE_ROOT; };
		55339DEA0F2AB7EB0051948D /* GDataEntrySpreadsheetCell.m */ = {isa = PBXFileReference; fileEncoding = 4; lastKnownFileType = sourcecode.c.objc; name = GDataEntrySpreadsheetCell.m; path = ../GData/Clients/Spreadsheets/GDataEntrySpreadsheetCell.m; sourceTree = SOURCE_ROOT; };
		55339DEB0F2AB7EB0051948D /* GDataEntrySpreadsheetList.h */ = {isa = PBXFileReference; fileEncoding = 4; lastKnownFileType = sourcecode.c.h; name = GDataEntrySpreadsheetList.h; path = ../GData/Clients/Spreadsheets/GDataEntrySpreadsheetList.h; sourceTree = SOURCE_ROOT; };
		55339DEC0F2AB7EB0051948D /* GDataEntryWorksheet.m */ = {isa = PBXFileReference; fileEncoding = 4; lastKnownFileType = sourcecode.c.objc; name = GDataEntryWorksheet.m; path = ../GData/Clients/Spreadsheets/GDataEntryWorksheet.m; sourceTree = SOURCE_ROOT; };
		55339DED0F2AB7EB0051948D /* GDataEntryWorksheet.h */ = {isa = PBXFileReference; fileEncoding = 4; lastKnownFileType = sourcecode.c.h; name = GDataEntryWorksheet.h; path = ../GData/Clients/Spreadsheets/GDataEntryWorksheet.h; sourceTree = SOURCE_ROOT; };
		55339DEE0F2AB7EB0051948D /* GDataEntrySpreadsheet.m */ = {isa = PBXFileReference; fileEncoding = 4; lastKnownFileType = sourcecode.c.objc; name = GDataEntrySpreadsheet.m; path = ../GData/Clients/Spreadsheets/GDataEntrySpreadsheet.m; sourceTree = SOURCE_ROOT; };
		55339DEF0F2AB7EB0051948D /* GDataEntrySpreadsheetCell.h */ = {isa = PBXFileReference; fileEncoding = 4; lastKnownFileType = sourcecode.c.h; name = GDataEntrySpreadsheetCell.h; path = ../GData/Clients/Spreadsheets/GDataEntrySpreadsheetCell.h; sourceTree = SOURCE_ROOT; };
		55339DF00F2AB7EB0051948D /* GDataSpreadsheetCustomElement.m */ = {isa = PBXFileReference; fileEncoding = 4; lastKnownFileType = sourcecode.c.objc; name = GDataSpreadsheetCustomElement.m; path = ../GData/Clients/Spreadsheets/GDataSpreadsheetCustomElement.m; sourceTree = SOURCE_ROOT; };
		55339DF10F2AB7EB0051948D /* GDataSpreadsheetCustomElement.h */ = {isa = PBXFileReference; fileEncoding = 4; lastKnownFileType = sourcecode.c.h; name = GDataSpreadsheetCustomElement.h; path = ../GData/Clients/Spreadsheets/GDataSpreadsheetCustomElement.h; sourceTree = SOURCE_ROOT; };
		55339DF20F2AB7EB0051948D /* GDataSpreadsheetCell.m */ = {isa = PBXFileReference; fileEncoding = 4; lastKnownFileType = sourcecode.c.objc; name = GDataSpreadsheetCell.m; path = ../GData/Clients/Spreadsheets/GDataSpreadsheetCell.m; sourceTree = SOURCE_ROOT; };
		55339DF30F2AB7EB0051948D /* GDataSpreadsheetCell.h */ = {isa = PBXFileReference; fileEncoding = 4; lastKnownFileType = sourcecode.c.h; name = GDataSpreadsheetCell.h; path = ../GData/Clients/Spreadsheets/GDataSpreadsheetCell.h; sourceTree = SOURCE_ROOT; };
		55339DF40F2AB7EB0051948D /* GDataSpreadsheet.h */ = {isa = PBXFileReference; fileEncoding = 4; lastKnownFileType = sourcecode.c.h; name = GDataSpreadsheet.h; path = ../GData/Clients/Spreadsheets/GDataSpreadsheet.h; sourceTree = SOURCE_ROOT; };
		55339DF50F2AB7EB0051948D /* GDataServiceGoogleSpreadsheet.m */ = {isa = PBXFileReference; fileEncoding = 4; lastKnownFileType = sourcecode.c.objc; name = GDataServiceGoogleSpreadsheet.m; path = ../GData/Clients/Spreadsheets/GDataServiceGoogleSpreadsheet.m; sourceTree = SOURCE_ROOT; };
		55339DF60F2AB7EB0051948D /* GDataServiceGoogleSpreadsheet.h */ = {isa = PBXFileReference; fileEncoding = 4; lastKnownFileType = sourcecode.c.h; name = GDataServiceGoogleSpreadsheet.h; path = ../GData/Clients/Spreadsheets/GDataServiceGoogleSpreadsheet.h; sourceTree = SOURCE_ROOT; };
		55339DF70F2AB7EB0051948D /* GDataFeedSpreadsheetCell.m */ = {isa = PBXFileReference; fileEncoding = 4; lastKnownFileType = sourcecode.c.objc; name = GDataFeedSpreadsheetCell.m; path = ../GData/Clients/Spreadsheets/GDataFeedSpreadsheetCell.m; sourceTree = SOURCE_ROOT; };
		55339DF80F2AB7EB0051948D /* GDataFeedSpreadsheetCell.h */ = {isa = PBXFileReference; fileEncoding = 4; lastKnownFileType = sourcecode.c.h; name = GDataFeedSpreadsheetCell.h; path = ../GData/Clients/Spreadsheets/GDataFeedSpreadsheetCell.h; sourceTree = SOURCE_ROOT; };
		55339DF90F2AB7EB0051948D /* GDataFeedSpreadsheet.m */ = {isa = PBXFileReference; fileEncoding = 4; lastKnownFileType = sourcecode.c.objc; name = GDataFeedSpreadsheet.m; path = ../GData/Clients/Spreadsheets/GDataFeedSpreadsheet.m; sourceTree = SOURCE_ROOT; };
		55339DFA0F2AB7EB0051948D /* GDataFeedSpreadsheet.h */ = {isa = PBXFileReference; fileEncoding = 4; lastKnownFileType = sourcecode.c.h; name = GDataFeedSpreadsheet.h; path = ../GData/Clients/Spreadsheets/GDataFeedSpreadsheet.h; sourceTree = SOURCE_ROOT; };
		55339E0B0F2AB8350051948D /* GDataQuery.m */ = {isa = PBXFileReference; fileEncoding = 4; lastKnownFileType = sourcecode.c.objc; name = GDataQuery.m; path = ../GData/BaseClasses/GDataQuery.m; sourceTree = SOURCE_ROOT; };
		55339E0C0F2AB8350051948D /* GDataServiceGoogle.m */ = {isa = PBXFileReference; fileEncoding = 4; lastKnownFileType = sourcecode.c.objc; name = GDataServiceGoogle.m; path = ../GData/BaseClasses/GDataServiceGoogle.m; sourceTree = SOURCE_ROOT; };
		55339E0D0F2AB8350051948D /* GDataEntryEvent.m */ = {isa = PBXFileReference; fileEncoding = 4; lastKnownFileType = sourcecode.c.objc; name = GDataEntryEvent.m; path = ../GData/BaseClasses/GDataEntryEvent.m; sourceTree = SOURCE_ROOT; };
		55339E0E0F2AB8350051948D /* GDataEntryEvent.h */ = {isa = PBXFileReference; fileEncoding = 4; lastKnownFileType = sourcecode.c.h; name = GDataEntryEvent.h; path = ../GData/BaseClasses/GDataEntryEvent.h; sourceTree = SOURCE_ROOT; };
		55339E0F0F2AB8350051948D /* GDataQuery.h */ = {isa = PBXFileReference; fileEncoding = 4; lastKnownFileType = sourcecode.c.h; name = GDataQuery.h; path = ../GData/BaseClasses/GDataQuery.h; sourceTree = SOURCE_ROOT; };
		55339E100F2AB8350051948D /* GDataEntryMessage.m */ = {isa = PBXFileReference; fileEncoding = 4; lastKnownFileType = sourcecode.c.objc; name = GDataEntryMessage.m; path = ../GData/BaseClasses/GDataEntryMessage.m; sourceTree = SOURCE_ROOT; };
		55339E110F2AB8350051948D /* GDataServiceGoogle.h */ = {isa = PBXFileReference; fileEncoding = 4; lastKnownFileType = sourcecode.c.h; name = GDataServiceGoogle.h; path = ../GData/BaseClasses/GDataServiceGoogle.h; sourceTree = SOURCE_ROOT; };
		55339E120F2AB8350051948D /* GDataEntryMessage.h */ = {isa = PBXFileReference; fileEncoding = 4; lastKnownFileType = sourcecode.c.h; name = GDataEntryMessage.h; path = ../GData/BaseClasses/GDataEntryMessage.h; sourceTree = SOURCE_ROOT; };
		55339E130F2AB8350051948D /* GDataObject.h */ = {isa = PBXFileReference; fileEncoding = 4; lastKnownFileType = sourcecode.c.h; name = GDataObject.h; path = ../GData/BaseClasses/GDataObject.h; sourceTree = SOURCE_ROOT; };
		55339E140F2AB8350051948D /* GDataEntryBase.h */ = {isa = PBXFileReference; fileEncoding = 4; lastKnownFileType = sourcecode.c.h; name = GDataEntryBase.h; path = ../GData/BaseClasses/GDataEntryBase.h; sourceTree = SOURCE_ROOT; };
		55339E150F2AB8350051948D /* GDataServiceBase.m */ = {isa = PBXFileReference; fileEncoding = 4; lastKnownFileType = sourcecode.c.objc; name = GDataServiceBase.m; path = ../GData/BaseClasses/GDataServiceBase.m; sourceTree = SOURCE_ROOT; };
		55339E160F2AB8350051948D /* GDataEntryBase.m */ = {isa = PBXFileReference; fileEncoding = 4; lastKnownFileType = sourcecode.c.objc; name = GDataEntryBase.m; path = ../GData/BaseClasses/GDataEntryBase.m; sourceTree = SOURCE_ROOT; };
		55339E170F2AB8350051948D /* GDataFeedEvent.h */ = {isa = PBXFileReference; fileEncoding = 4; lastKnownFileType = sourcecode.c.h; name = GDataFeedEvent.h; path = ../GData/BaseClasses/GDataFeedEvent.h; sourceTree = SOURCE_ROOT; };
		55339E180F2AB8350051948D /* GDataObject.m */ = {isa = PBXFileReference; fileEncoding = 4; lastKnownFileType = sourcecode.c.objc; name = GDataObject.m; path = ../GData/BaseClasses/GDataObject.m; sourceTree = SOURCE_ROOT; };
		55339E190F2AB8350051948D /* GDataFeedBase.m */ = {isa = PBXFileReference; fileEncoding = 4; lastKnownFileType = sourcecode.c.objc; name = GDataFeedBase.m; path = ../GData/BaseClasses/GDataFeedBase.m; sourceTree = SOURCE_ROOT; };
		55339E1A0F2AB8350051948D /* GDataFeedBase.h */ = {isa = PBXFileReference; fileEncoding = 4; lastKnownFileType = sourcecode.c.h; name = GDataFeedBase.h; path = ../GData/BaseClasses/GDataFeedBase.h; sourceTree = SOURCE_ROOT; };
		55339E1B0F2AB8350051948D /* GDataFeedEvent.m */ = {isa = PBXFileReference; fileEncoding = 4; lastKnownFileType = sourcecode.c.objc; name = GDataFeedEvent.m; path = ../GData/BaseClasses/GDataFeedEvent.m; sourceTree = SOURCE_ROOT; };
		55339E1C0F2AB8350051948D /* GDataFeedMessage.m */ = {isa = PBXFileReference; fileEncoding = 4; lastKnownFileType = sourcecode.c.objc; name = GDataFeedMessage.m; path = ../GData/BaseClasses/GDataFeedMessage.m; sourceTree = SOURCE_ROOT; };
		55339E1D0F2AB8350051948D /* GDataFeedMessage.h */ = {isa = PBXFileReference; fileEncoding = 4; lastKnownFileType = sourcecode.c.h; name = GDataFeedMessage.h; path = ../GData/BaseClasses/GDataFeedMessage.h; sourceTree = SOURCE_ROOT; };
		55339E1E0F2AB8350051948D /* GDataServiceBase.h */ = {isa = PBXFileReference; fileEncoding = 4; lastKnownFileType = sourcecode.c.h; name = GDataServiceBase.h; path = ../GData/BaseClasses/GDataServiceBase.h; sourceTree = SOURCE_ROOT; };
		55339E2C0F2AB8880051948D /* GDataDateTime.h */ = {isa = PBXFileReference; fileEncoding = 4; lastKnownFileType = sourcecode.c.h; name = GDataDateTime.h; path = ../GData/Elements/GDataDateTime.h; sourceTree = SOURCE_ROOT; };
		55339E2D0F2AB8880051948D /* GDataAtomPubControl.m */ = {isa = PBXFileReference; fileEncoding = 4; lastKnownFileType = sourcecode.c.objc; name = GDataAtomPubControl.m; path = ../GData/Elements/GDataAtomPubControl.m; sourceTree = SOURCE_ROOT; };
		55339E2E0F2AB8880051948D /* GDataRating.m */ = {isa = PBXFileReference; fileEncoding = 4; lastKnownFileType = sourcecode.c.objc; name = GDataRating.m; path = ../GData/Elements/GDataRating.m; sourceTree = SOURCE_ROOT; };
		55339E2F0F2AB8880051948D /* GDataRating.h */ = {isa = PBXFileReference; fileEncoding = 4; lastKnownFileType = sourcecode.c.h; name = GDataRating.h; path = ../GData/Elements/GDataRating.h; sourceTree = SOURCE_ROOT; };
		55339E300F2AB8880051948D /* GDataPhoneNumber.m */ = {isa = PBXFileReference; fileEncoding = 4; lastKnownFileType = sourcecode.c.objc; name = GDataPhoneNumber.m; path = ../GData/Elements/GDataPhoneNumber.m; sourceTree = SOURCE_ROOT; };
		55339E310F2AB8880051948D /* GDataPhoneNumber.h */ = {isa = PBXFileReference; fileEncoding = 4; lastKnownFileType = sourcecode.c.h; name = GDataPhoneNumber.h; path = ../GData/Elements/GDataPhoneNumber.h; sourceTree = SOURCE_ROOT; };
		55339E320F2AB8880051948D /* GDataFeedLink.m */ = {isa = PBXFileReference; fileEncoding = 4; lastKnownFileType = sourcecode.c.objc; name = GDataFeedLink.m; path = ../GData/Elements/GDataFeedLink.m; sourceTree = SOURCE_ROOT; };
		55339E330F2AB8880051948D /* GDataRecurrence.m */ = {isa = PBXFileReference; fileEncoding = 4; lastKnownFileType = sourcecode.c.objc; name = GDataRecurrence.m; path = ../GData/Elements/GDataRecurrence.m; sourceTree = SOURCE_ROOT; };
		55339E340F2AB8880051948D /* GDataRecurrence.h */ = {isa = PBXFileReference; fileEncoding = 4; lastKnownFileType = sourcecode.c.h; name = GDataRecurrence.h; path = ../GData/Elements/GDataRecurrence.h; sourceTree = SOURCE_ROOT; };
		55339E350F2AB8880051948D /* GDataGeoPt.m */ = {isa = PBXFileReference; fileEncoding = 4; lastKnownFileType = sourcecode.c.objc; name = GDataGeoPt.m; path = ../GData/Elements/GDataGeoPt.m; sourceTree = SOURCE_ROOT; };
		55339E360F2AB8880051948D /* GDataGeoPt.h */ = {isa = PBXFileReference; fileEncoding = 4; lastKnownFileType = sourcecode.c.h; name = GDataGeoPt.h; path = ../GData/Elements/GDataGeoPt.h; sourceTree = SOURCE_ROOT; };
		55339E370F2AB8880051948D /* GDataDeleted.m */ = {isa = PBXFileReference; fileEncoding = 4; lastKnownFileType = sourcecode.c.objc; name = GDataDeleted.m; path = ../GData/Elements/GDataDeleted.m; sourceTree = SOURCE_ROOT; };
		55339E380F2AB8880051948D /* GDataPostalAddress.m */ = {isa = PBXFileReference; fileEncoding = 4; lastKnownFileType = sourcecode.c.objc; name = GDataPostalAddress.m; path = ../GData/Elements/GDataPostalAddress.m; sourceTree = SOURCE_ROOT; };
		55339E390F2AB8880051948D /* GDataPostalAddress.h */ = {isa = PBXFileReference; fileEncoding = 4; lastKnownFileType = sourcecode.c.h; name = GDataPostalAddress.h; path = ../GData/Elements/GDataPostalAddress.h; sourceTree = SOURCE_ROOT; };
		55339E3A0F2AB8880051948D /* GDataWhen.m */ = {isa = PBXFileReference; fileEncoding = 4; lastKnownFileType = sourcecode.c.objc; name = GDataWhen.m; path = ../GData/Elements/GDataWhen.m; sourceTree = SOURCE_ROOT; };
		55339E3B0F2AB8880051948D /* GDataWhen.h */ = {isa = PBXFileReference; fileEncoding = 4; lastKnownFileType = sourcecode.c.h; name = GDataWhen.h; path = ../GData/Elements/GDataWhen.h; sourceTree = SOURCE_ROOT; };
		55339E3C0F2AB8880051948D /* GDataPerson.m */ = {isa = PBXFileReference; fileEncoding = 4; lastKnownFileType = sourcecode.c.objc; name = GDataPerson.m; path = ../GData/Elements/GDataPerson.m; sourceTree = SOURCE_ROOT; };
		55339E3D0F2AB8880051948D /* GDataPerson.h */ = {isa = PBXFileReference; fileEncoding = 4; lastKnownFileType = sourcecode.c.h; name = GDataPerson.h; path = ../GData/Elements/GDataPerson.h; sourceTree = SOURCE_ROOT; };
		55339E3E0F2AB8880051948D /* GDataOriginalEvent.m */ = {isa = PBXFileReference; fileEncoding = 4; lastKnownFileType = sourcecode.c.objc; name = GDataOriginalEvent.m; path = ../GData/Elements/GDataOriginalEvent.m; sourceTree = SOURCE_ROOT; };
		55339E3F0F2AB8880051948D /* GDataOriginalEvent.h */ = {isa = PBXFileReference; fileEncoding = 4; lastKnownFileType = sourcecode.c.h; name = GDataOriginalEvent.h; path = ../GData/Elements/GDataOriginalEvent.h; sourceTree = SOURCE_ROOT; };
		55339E400F2AB8880051948D /* GDataRecurrenceException.m */ = {isa = PBXFileReference; fileEncoding = 4; lastKnownFileType = sourcecode.c.objc; name = GDataRecurrenceException.m; path = ../GData/Elements/GDataRecurrenceException.m; sourceTree = SOURCE_ROOT; };
		55339E410F2AB8880051948D /* GDataRecurrenceException.h */ = {isa = PBXFileReference; fileEncoding = 4; lastKnownFileType = sourcecode.c.h; name = GDataRecurrenceException.h; path = ../GData/Elements/GDataRecurrenceException.h; sourceTree = SOURCE_ROOT; };
		55339E420F2AB8880051948D /* GDataEntryLink.h */ = {isa = PBXFileReference; fileEncoding = 4; lastKnownFileType = sourcecode.c.h; name = GDataEntryLink.h; path = ../GData/Elements/GDataEntryLink.h; sourceTree = SOURCE_ROOT; };
		55339E430F2AB8880051948D /* GDataBatchID.m */ = {isa = PBXFileReference; fileEncoding = 4; lastKnownFileType = sourcecode.c.objc; name = GDataBatchID.m; path = ../GData/Elements/GDataBatchID.m; sourceTree = SOURCE_ROOT; };
		55339E440F2AB8880051948D /* GDataBatchInterrupted.m */ = {isa = PBXFileReference; fileEncoding = 4; lastKnownFileType = sourcecode.c.objc; name = GDataBatchInterrupted.m; path = ../GData/Elements/GDataBatchInterrupted.m; sourceTree = SOURCE_ROOT; };
		55339E450F2AB8880051948D /* GDataWho.m */ = {isa = PBXFileReference; fileEncoding = 4; lastKnownFileType = sourcecode.c.objc; name = GDataWho.m; path = ../GData/Elements/GDataWho.m; sourceTree = SOURCE_ROOT; };
		55339E460F2AB8880051948D /* GDataWho.h */ = {isa = PBXFileReference; fileEncoding = 4; lastKnownFileType = sourcecode.c.h; name = GDataWho.h; path = ../GData/Elements/GDataWho.h; sourceTree = SOURCE_ROOT; };
		55339E470F2AB8880051948D /* GDataOrganization.m */ = {isa = PBXFileReference; fileEncoding = 4; lastKnownFileType = sourcecode.c.objc; name = GDataOrganization.m; path = ../GData/Elements/GDataOrganization.m; sourceTree = SOURCE_ROOT; };
		55339E480F2AB8880051948D /* GDataOrganization.h */ = {isa = PBXFileReference; fileEncoding = 4; lastKnownFileType = sourcecode.c.h; name = GDataOrganization.h; path = ../GData/Elements/GDataOrganization.h; sourceTree = SOURCE_ROOT; };
		55339E490F2AB8880051948D /* GDataBatchOperation.m */ = {isa = PBXFileReference; fileEncoding = 4; lastKnownFileType = sourcecode.c.objc; name = GDataBatchOperation.m; path = ../GData/Elements/GDataBatchOperation.m; sourceTree = SOURCE_ROOT; };
		55339E4A0F2AB8880051948D /* GDataBatchInterrupted.h */ = {isa = PBXFileReference; fileEncoding = 4; lastKnownFileType = sourcecode.c.h; name = GDataBatchInterrupted.h; path = ../GData/Elements/GDataBatchInterrupted.h; sourceTree = SOURCE_ROOT; };
		55339E4B0F2AB8880051948D /* GDataMoney.m */ = {isa = PBXFileReference; fileEncoding = 4; lastKnownFileType = sourcecode.c.objc; name = GDataMoney.m; path = ../GData/Elements/GDataMoney.m; sourceTree = SOURCE_ROOT; };
		55339E4C0F2AB8880051948D /* GDataMoney.h */ = {isa = PBXFileReference; fileEncoding = 4; lastKnownFileType = sourcecode.c.h; name = GDataMoney.h; path = ../GData/Elements/GDataMoney.h; sourceTree = SOURCE_ROOT; };
		55339E4D0F2AB8880051948D /* GDataValueConstruct.m */ = {isa = PBXFileReference; fileEncoding = 4; lastKnownFileType = sourcecode.c.objc; name = GDataValueConstruct.m; path = ../GData/Elements/GDataValueConstruct.m; sourceTree = SOURCE_ROOT; };
		55339E4E0F2AB8880051948D /* GDataValueConstruct.h */ = {isa = PBXFileReference; fileEncoding = 4; lastKnownFileType = sourcecode.c.h; name = GDataValueConstruct.h; path = ../GData/Elements/GDataValueConstruct.h; sourceTree = SOURCE_ROOT; };
		55339E4F0F2AB8880051948D /* GDataEntryLink.m */ = {isa = PBXFileReference; fileEncoding = 4; lastKnownFileType = sourcecode.c.objc; name = GDataEntryLink.m; path = ../GData/Elements/GDataEntryLink.m; sourceTree = SOURCE_ROOT; };
		55339E500F2AB8880051948D /* GDataIM.m */ = {isa = PBXFileReference; fileEncoding = 4; lastKnownFileType = sourcecode.c.objc; name = GDataIM.m; path = ../GData/Elements/GDataIM.m; sourceTree = SOURCE_ROOT; };
		55339E510F2AB8880051948D /* GDataIM.h */ = {isa = PBXFileReference; fileEncoding = 4; lastKnownFileType = sourcecode.c.h; name = GDataIM.h; path = ../GData/Elements/GDataIM.h; sourceTree = SOURCE_ROOT; };
		55339E520F2AB8880051948D /* GDataBatchStatus.m */ = {isa = PBXFileReference; fileEncoding = 4; lastKnownFileType = sourcecode.c.objc; name = GDataBatchStatus.m; path = ../GData/Elements/GDataBatchStatus.m; sourceTree = SOURCE_ROOT; };
		55339E530F2AB8880051948D /* GDataLink.m */ = {isa = PBXFileReference; fileEncoding = 4; lastKnownFileType = sourcecode.c.objc; name = GDataLink.m; path = ../GData/Elements/GDataLink.m; sourceTree = SOURCE_ROOT; };
		55339E540F2AB8880051948D /* GDataLink.h */ = {isa = PBXFileReference; fileEncoding = 4; lastKnownFileType = sourcecode.c.h; name = GDataLink.h; path = ../GData/Elements/GDataLink.h; sourceTree = SOURCE_ROOT; };
		55339E550F2AB8880051948D /* GDataComment.h */ = {isa = PBXFileReference; fileEncoding = 4; lastKnownFileType = sourcecode.c.h; name = GDataComment.h; path = ../GData/Elements/GDataComment.h; sourceTree = SOURCE_ROOT; };
		55339E560F2AB8880051948D /* GDataBaseElements.h */ = {isa = PBXFileReference; fileEncoding = 4; lastKnownFileType = sourcecode.c.h; name = GDataBaseElements.h; path = ../GData/Elements/GDataBaseElements.h; sourceTree = SOURCE_ROOT; };
		55339E570F2AB8880051948D /* GDataBatchOperation.h */ = {isa = PBXFileReference; fileEncoding = 4; lastKnownFileType = sourcecode.c.h; name = GDataBatchOperation.h; path = ../GData/Elements/GDataBatchOperation.h; sourceTree = SOURCE_ROOT; };
		55339E580F2AB8880051948D /* GDataGenerator.m */ = {isa = PBXFileReference; fileEncoding = 4; lastKnownFileType = sourcecode.c.objc; name = GDataGenerator.m; path = ../GData/Elements/GDataGenerator.m; sourceTree = SOURCE_ROOT; };
		55339E590F2AB8880051948D /* GDataCategory.h */ = {isa = PBXFileReference; fileEncoding = 4; lastKnownFileType = sourcecode.c.h; name = GDataCategory.h; path = ../GData/Elements/GDataCategory.h; sourceTree = SOURCE_ROOT; };
		55339E5A0F2AB8880051948D /* GDataWhere.m */ = {isa = PBXFileReference; fileEncoding = 4; lastKnownFileType = sourcecode.c.objc; name = GDataWhere.m; path = ../GData/Elements/GDataWhere.m; sourceTree = SOURCE_ROOT; };
		55339E5B0F2AB8880051948D /* GDataWhere.h */ = {isa = PBXFileReference; fileEncoding = 4; lastKnownFileType = sourcecode.c.h; name = GDataWhere.h; path = ../GData/Elements/GDataWhere.h; sourceTree = SOURCE_ROOT; };
		55339E5C0F2AB8880051948D /* GDataExtendedProperty.h */ = {isa = PBXFileReference; fileEncoding = 4; lastKnownFileType = sourcecode.c.h; name = GDataExtendedProperty.h; path = ../GData/Elements/GDataExtendedProperty.h; sourceTree = SOURCE_ROOT; };
		55339E5D0F2AB8880051948D /* GDataGenerator.h */ = {isa = PBXFileReference; fileEncoding = 4; lastKnownFileType = sourcecode.c.h; name = GDataGenerator.h; path = ../GData/Elements/GDataGenerator.h; sourceTree = SOURCE_ROOT; };
		55339E5E0F2AB8880051948D /* GDataBaseElements.m */ = {isa = PBXFileReference; fileEncoding = 4; lastKnownFileType = sourcecode.c.objc; name = GDataBaseElements.m; path = ../GData/Elements/GDataBaseElements.m; sourceTree = SOURCE_ROOT; };
		55339E5F0F2AB8880051948D /* GDataReminder.m */ = {isa = PBXFileReference; fileEncoding = 4; lastKnownFileType = sourcecode.c.objc; name = GDataReminder.m; path = ../GData/Elements/GDataReminder.m; sourceTree = SOURCE_ROOT; };
		55339E600F2AB8880051948D /* GDataReminder.h */ = {isa = PBXFileReference; fileEncoding = 4; lastKnownFileType = sourcecode.c.h; name = GDataReminder.h; path = ../GData/Elements/GDataReminder.h; sourceTree = SOURCE_ROOT; };
		55339E610F2AB8880051948D /* GDataEntryContent.m */ = {isa = PBXFileReference; fileEncoding = 4; lastKnownFileType = sourcecode.c.objc; name = GDataEntryContent.m; path = ../GData/Elements/GDataEntryContent.m; sourceTree = SOURCE_ROOT; };
		55339E620F2AB8880051948D /* GDataFeedLink.h */ = {isa = PBXFileReference; fileEncoding = 4; lastKnownFileType = sourcecode.c.h; name = GDataFeedLink.h; path = ../GData/Elements/GDataFeedLink.h; sourceTree = SOURCE_ROOT; };
		55339E630F2AB8880051948D /* GDataAtomPubControl.h */ = {isa = PBXFileReference; fileEncoding = 4; lastKnownFileType = sourcecode.c.h; name = GDataAtomPubControl.h; path = ../GData/Elements/GDataAtomPubControl.h; sourceTree = SOURCE_ROOT; };
		55339E640F2AB8880051948D /* GDataComment.m */ = {isa = PBXFileReference; fileEncoding = 4; lastKnownFileType = sourcecode.c.objc; name = GDataComment.m; path = ../GData/Elements/GDataComment.m; sourceTree = SOURCE_ROOT; };
		55339E650F2AB8880051948D /* GDataDateTime.m */ = {isa = PBXFileReference; fileEncoding = 4; lastKnownFileType = sourcecode.c.objc; name = GDataDateTime.m; path = ../GData/Elements/GDataDateTime.m; sourceTree = SOURCE_ROOT; };
		55339E660F2AB8880051948D /* GDataEmail.m */ = {isa = PBXFileReference; fileEncoding = 4; lastKnownFileType = sourcecode.c.objc; name = GDataEmail.m; path = ../GData/Elements/GDataEmail.m; sourceTree = SOURCE_ROOT; };
		55339E670F2AB8880051948D /* GDataBatchStatus.h */ = {isa = PBXFileReference; fileEncoding = 4; lastKnownFileType = sourcecode.c.h; name = GDataBatchStatus.h; path = ../GData/Elements/GDataBatchStatus.h; sourceTree = SOURCE_ROOT; };
		55339E680F2AB8880051948D /* GDataTextConstruct.m */ = {isa = PBXFileReference; fileEncoding = 4; lastKnownFileType = sourcecode.c.objc; name = GDataTextConstruct.m; path = ../GData/Elements/GDataTextConstruct.m; sourceTree = SOURCE_ROOT; };
		55339E690F2AB8880051948D /* GDataTextConstruct.h */ = {isa = PBXFileReference; fileEncoding = 4; lastKnownFileType = sourcecode.c.h; name = GDataTextConstruct.h; path = ../GData/Elements/GDataTextConstruct.h; sourceTree = SOURCE_ROOT; };
		55339E6A0F2AB8880051948D /* GDataElements.h */ = {isa = PBXFileReference; fileEncoding = 4; lastKnownFileType = sourcecode.c.h; name = GDataElements.h; path = ../GData/Elements/GDataElements.h; sourceTree = SOURCE_ROOT; };
		55339E6B0F2AB8880051948D /* GDataDeleted.h */ = {isa = PBXFileReference; fileEncoding = 4; lastKnownFileType = sourcecode.c.h; name = GDataDeleted.h; path = ../GData/Elements/GDataDeleted.h; sourceTree = SOURCE_ROOT; };
		55339E6C0F2AB8880051948D /* GDataBatchID.h */ = {isa = PBXFileReference; fileEncoding = 4; lastKnownFileType = sourcecode.c.h; name = GDataBatchID.h; path = ../GData/Elements/GDataBatchID.h; sourceTree = SOURCE_ROOT; };
		55339E6D0F2AB8880051948D /* GDataExtendedProperty.m */ = {isa = PBXFileReference; fileEncoding = 4; lastKnownFileType = sourcecode.c.objc; name = GDataExtendedProperty.m; path = ../GData/Elements/GDataExtendedProperty.m; sourceTree = SOURCE_ROOT; };
		55339E6E0F2AB8880051948D /* GDataCategory.m */ = {isa = PBXFileReference; fileEncoding = 4; lastKnownFileType = sourcecode.c.objc; name = GDataCategory.m; path = ../GData/Elements/GDataCategory.m; sourceTree = SOURCE_ROOT; };
		55339E6F0F2AB8880051948D /* GDataEntryContent.h */ = {isa = PBXFileReference; fileEncoding = 4; lastKnownFileType = sourcecode.c.h; name = GDataEntryContent.h; path = ../GData/Elements/GDataEntryContent.h; sourceTree = SOURCE_ROOT; };
		55339E700F2AB8880051948D /* GDataEmail.h */ = {isa = PBXFileReference; fileEncoding = 4; lastKnownFileType = sourcecode.c.h; name = GDataEmail.h; path = ../GData/Elements/GDataEmail.h; sourceTree = SOURCE_ROOT; };
		55339E970F2AB8B90051948D /* GDataProgressMonitorInputStream.m */ = {isa = PBXFileReference; fileEncoding = 4; lastKnownFileType = sourcecode.c.objc; name = GDataProgressMonitorInputStream.m; path = ../GData/Networking/GDataProgressMonitorInputStream.m; sourceTree = SOURCE_ROOT; };
		55339E980F2AB8B90051948D /* GDataProgressMonitorInputStream.h */ = {isa = PBXFileReference; fileEncoding = 4; lastKnownFileType = sourcecode.c.h; name = GDataProgressMonitorInputStream.h; path = ../GData/Networking/GDataProgressMonitorInputStream.h; sourceTree = SOURCE_ROOT; };
		55339E990F2AB8B90051948D /* GDataHTTPFetcherLogging.h */ = {isa = PBXFileReference; fileEncoding = 4; lastKnownFileType = sourcecode.c.h; name = GDataHTTPFetcherLogging.h; path = ../GData/Networking/GDataHTTPFetcherLogging.h; sourceTree = SOURCE_ROOT; };
		55339E9A0F2AB8B90051948D /* GDataMIMEDocument.m */ = {isa = PBXFileReference; fileEncoding = 4; lastKnownFileType = sourcecode.c.objc; name = GDataMIMEDocument.m; path = ../GData/Networking/GDataMIMEDocument.m; sourceTree = SOURCE_ROOT; };
		55339E9B0F2AB8B90051948D /* GDataMIMEDocument.h */ = {isa = PBXFileReference; fileEncoding = 4; lastKnownFileType = sourcecode.c.h; name = GDataMIMEDocument.h; path = ../GData/Networking/GDataMIMEDocument.h; sourceTree = SOURCE_ROOT; };
		55339E9C0F2AB8B90051948D /* GDataHTTPFetcher.h */ = {isa = PBXFileReference; fileEncoding = 4; lastKnownFileType = sourcecode.c.h; name = GDataHTTPFetcher.h; path = ../GData/Networking/GDataHTTPFetcher.h; sourceTree = SOURCE_ROOT; };
		55339E9D0F2AB8B90051948D /* GDataGatherInputStream.m */ = {isa = PBXFileReference; fileEncoding = 4; lastKnownFileType = sourcecode.c.objc; name = GDataGatherInputStream.m; path = ../GData/Networking/GDataGatherInputStream.m; sourceTree = SOURCE_ROOT; };
		55339E9E0F2AB8B90051948D /* GDataHTTPFetcherLogging.m */ = {isa = PBXFileReference; fileEncoding = 4; lastKnownFileType = sourcecode.c.objc; name = GDataHTTPFetcherLogging.m; path = ../GData/Networking/GDataHTTPFetcherLogging.m; sourceTree = SOURCE_ROOT; };
		55339E9F0F2AB8B90051948D /* GDataGatherInputStream.h */ = {isa = PBXFileReference; fileEncoding = 4; lastKnownFileType = sourcecode.c.h; name = GDataGatherInputStream.h; path = ../GData/Networking/GDataGatherInputStream.h; sourceTree = SOURCE_ROOT; };
		55339EA00F2AB8B90051948D /* GDataHTTPFetcher.m */ = {isa = PBXFileReference; fileEncoding = 4; lastKnownFileType = sourcecode.c.objc; name = GDataHTTPFetcher.m; path = ../GData/Networking/GDataHTTPFetcher.m; sourceTree = SOURCE_ROOT; };
		55339EA90F2AB8E50051948D /* GDataFramework.h */ = {isa = PBXFileReference; fileEncoding = 4; lastKnownFileType = sourcecode.c.h; name = GDataFramework.h; path = ../GData/GDataFramework.h; sourceTree = SOURCE_ROOT; };
		55339EAA0F2AB8E50051948D /* GDataUtilities.m */ = {isa = PBXFileReference; fileEncoding = 4; lastKnownFileType = sourcecode.c.objc; name = GDataUtilities.m; path = ../GData/GDataUtilities.m; sourceTree = SOURCE_ROOT; };
		55339EAB0F2AB8E50051948D /* GDataUtilities.h */ = {isa = PBXFileReference; fileEncoding = 4; lastKnownFileType = sourcecode.c.h; name = GDataUtilities.h; path = ../GData/GDataUtilities.h; sourceTree = SOURCE_ROOT; };
		55339EAC0F2AB8E50051948D /* GDataFramework.m */ = {isa = PBXFileReference; fileEncoding = 4; lastKnownFileType = sourcecode.c.objc; name = GDataFramework.m; path = ../GData/GDataFramework.m; sourceTree = SOURCE_ROOT; };
		55339EB50F2AB9140051948D /* GDataACLRole.h */ = {isa = PBXFileReference; fileEncoding = 4; lastKnownFileType = sourcecode.c.h; name = GDataACLRole.h; path = ../GData/ACL/GDataACLRole.h; sourceTree = SOURCE_ROOT; };
		55339EB60F2AB9140051948D /* GDataACLRole.m */ = {isa = PBXFileReference; fileEncoding = 4; lastKnownFileType = sourcecode.c.objc; name = GDataACLRole.m; path = ../GData/ACL/GDataACLRole.m; sourceTree = SOURCE_ROOT; };
		55339EB70F2AB9140051948D /* GDataACLScope.m */ = {isa = PBXFileReference; fileEncoding = 4; lastKnownFileType = sourcecode.c.objc; name = GDataACLScope.m; path = ../GData/ACL/GDataACLScope.m; sourceTree = SOURCE_ROOT; };
		55339EB80F2AB9140051948D /* GDataEntryACL.m */ = {isa = PBXFileReference; fileEncoding = 4; lastKnownFileType = sourcecode.c.objc; name = GDataEntryACL.m; path = ../GData/ACL/GDataEntryACL.m; sourceTree = SOURCE_ROOT; };
		55339EB90F2AB9140051948D /* GDataACLScope.h */ = {isa = PBXFileReference; fileEncoding = 4; lastKnownFileType = sourcecode.c.h; name = GDataACLScope.h; path = ../GData/ACL/GDataACLScope.h; sourceTree = SOURCE_ROOT; };
		55339EBA0F2AB9140051948D /* GDataEntryACL.h */ = {isa = PBXFileReference; fileEncoding = 4; lastKnownFileType = sourcecode.c.h; name = GDataEntryACL.h; path = ../GData/ACL/GDataEntryACL.h; sourceTree = SOURCE_ROOT; };
		55339EBB0F2AB9140051948D /* GDataFeedACL.m */ = {isa = PBXFileReference; fileEncoding = 4; lastKnownFileType = sourcecode.c.objc; name = GDataFeedACL.m; path = ../GData/ACL/GDataFeedACL.m; sourceTree = SOURCE_ROOT; };
		55339EBC0F2AB9140051948D /* GDataFeedACL.h */ = {isa = PBXFileReference; fileEncoding = 4; lastKnownFileType = sourcecode.c.h; name = GDataFeedACL.h; path = ../GData/ACL/GDataFeedACL.h; sourceTree = SOURCE_ROOT; };
		55339ECA0F2ABA7D0051948D /* BudgetWatchWorksheet.h */ = {isa = PBXFileReference; fileEncoding = 4; lastKnownFileType = sourcecode.c.h; path = BudgetWatchWorksheet.h; sourceTree = "<group>"; };
		55339ECB0F2ABA7D0051948D /* BudgetWatchWorksheet.m */ = {isa = PBXFileReference; fileEncoding = 4; lastKnownFileType = sourcecode.c.objc; path = BudgetWatchWorksheet.m; sourceTree = "<group>"; };
		8D1AC9730486D14A00FE50C9 /* Info.plist */ = {isa = PBXFileReference; fileEncoding = 4; lastKnownFileType = text.plist; path = Info.plist; sourceTree = "<group>"; };
		8D1AC9740486D14A00FE50C9 /* BudgetWatchPlugin.webplugin */ = {isa = PBXFileReference; explicitFileType = wrapper.cfbundle; includeInIndex = 0; path = BudgetWatchPlugin.webplugin; sourceTree = BUILT_PRODUCTS_DIR; };
		8D1AC97B0486D23100FE50C9 /* English */ = {isa = PBXFileReference; fileEncoding = 10; lastKnownFileType = text.plist.strings; name = English; path = English.lproj/InfoPlist.strings; sourceTree = "<group>"; };
		DD92D38A0106425D02CA0E72 /* Cocoa.framework */ = {isa = PBXFileReference; lastKnownFileType = wrapper.framework; name = Cocoa.framework; path = /System/Library/Frameworks/Cocoa.framework; sourceTree = "<absolute>"; };
/* End PBXFileReference section */

/* Begin PBXFrameworksBuildPhase section */
		8D1AC96E0486D14A00FE50C9 /* Frameworks */ = {
			isa = PBXFrameworksBuildPhase;
			buildActionMask = 2147483647;
			files = (
				8D1AC9700486D14A00FE50C9 /* Cocoa.framework in Frameworks */,
				224339580A6F05F3000348D4 /* WebKit.framework in Frameworks */,
			);
			runOnlyForDeploymentPostprocessing = 0;
		};
/* End PBXFrameworksBuildPhase section */

/* Begin PBXGroup section */
		0259C574FE90428111CA0C5A /* BudgetWatchPlugin */ = {
			isa = PBXGroup;
			children = (
				55339DB10F2AB4D90051948D /* GData */,
				32DBCF9E0370C38000C91783 /* Classes */,
				32DBCF9F0370C38200C91783 /* Other Sources */,
				0259C582FE90428111CA0C5A /* Resources */,
				1ED78706FE9D4A0611CA0C5A /* Products */,
				2E58F364FFB232C311CA0CBA /* Frameworks */,
			);
			name = BudgetWatchPlugin;
			sourceTree = "<group>";
		};
		0259C582FE90428111CA0C5A /* Resources */ = {
			isa = PBXGroup;
			children = (
				8D1AC9730486D14A00FE50C9 /* Info.plist */,
				8D1AC97F0486D23B00FE50C9 /* InfoPlist.strings */,
			);
			name = Resources;
			sourceTree = "<group>";
		};
		1ED78706FE9D4A0611CA0C5A /* Products */ = {
			isa = PBXGroup;
			children = (
				8D1AC9740486D14A00FE50C9 /* BudgetWatchPlugin.webplugin */,
			);
			name = Products;
			sourceTree = "<group>";
		};
		2E58F364FFB232C311CA0CBA /* Frameworks */ = {
			isa = PBXGroup;
			children = (
				DD92D38A0106425D02CA0E72 /* Cocoa.framework */,
				224339570A6F05F3000348D4 /* WebKit.framework */,
			);
			name = Frameworks;
			sourceTree = "<group>";
		};
		32DBCF9E0370C38000C91783 /* Classes */ = {
			isa = PBXGroup;
			children = (
				0259C57AFE90428111CA0C5A /* BudgetWatchPluginView.h */,
				0259C576FE90428111CA0C5A /* BudgetWatchPluginView.m */,
				55339ECA0F2ABA7D0051948D /* BudgetWatchWorksheet.h */,
				55339ECB0F2ABA7D0051948D /* BudgetWatchWorksheet.m */,
			);
			name = Classes;
			sourceTree = "<group>";
		};
		32DBCF9F0370C38200C91783 /* Other Sources */ = {
			isa = PBXGroup;
			children = (
				32DBCF980370C29C00C91783 /* BudgetWatchPlugin_Prefix.pch */,
			);
			name = "Other Sources";
			sourceTree = "<group>";
		};
		55339DB10F2AB4D90051948D /* GData */ = {
			isa = PBXGroup;
			children = (
				55339EAB0F2AB8E50051948D /* GDataUtilities.h */,
				55339EAA0F2AB8E50051948D /* GDataUtilities.m */,
				55339EA90F2AB8E50051948D /* GDataFramework.h */,
				55339EAC0F2AB8E50051948D /* GDataFramework.m */,
				55339EB00F2AB8FA0051948D /* ACL */,
				55339E090F2AB8230051948D /* BaseClasses */,
				55339DD30F2AB7BE0051948D /* Clients */,
				55339E2A0F2AB8720051948D /* Elements */,
				55339E960F2AB8AC0051948D /* Networking */,
			);
			name = GData;
			sourceTree = "<group>";
		};
		55339DD30F2AB7BE0051948D /* Clients */ = {
			isa = PBXGroup;
			children = (
				55339DD40F2AB7C90051948D /* Spreadsheets */,
			);
			name = Clients;
			sourceTree = "<group>";
		};
		55339DD40F2AB7C90051948D /* Spreadsheets */ = {
			isa = PBXGroup;
			children = (
				55339DE00F2AB7EB0051948D /* GDataEntrySpreadsheetList.m */,
				55339DE10F2AB7EB0051948D /* GDataFeedWorksheet.m */,
				55339DE20F2AB7EB0051948D /* GDataFeedWorksheet.h */,
				55339DE30F2AB7EB0051948D /* GDataFeedSpreadsheetList.m */,
				55339DE40F2AB7EB0051948D /* GDataFeedSpreadsheetList.h */,
				55339DE50F2AB7EB0051948D /* GDataRowColumnCount.m */,
				55339DE60F2AB7EB0051948D /* GDataRowColumnCount.h */,
				55339DE70F2AB7EB0051948D /* GDataQuerySpreadsheet.m */,
				55339DE80F2AB7EB0051948D /* GDataQuerySpreadsheet.h */,
				55339DE90F2AB7EB0051948D /* GDataEntrySpreadsheet.h */,
				55339DEA0F2AB7EB0051948D /* GDataEntrySpreadsheetCell.m */,
				55339DEB0F2AB7EB0051948D /* GDataEntrySpreadsheetList.h */,
				55339DEC0F2AB7EB0051948D /* GDataEntryWorksheet.m */,
				55339DED0F2AB7EB0051948D /* GDataEntryWorksheet.h */,
				55339DEE0F2AB7EB0051948D /* GDataEntrySpreadsheet.m */,
				55339DEF0F2AB7EB0051948D /* GDataEntrySpreadsheetCell.h */,
				55339DF00F2AB7EB0051948D /* GDataSpreadsheetCustomElement.m */,
				55339DF10F2AB7EB0051948D /* GDataSpreadsheetCustomElement.h */,
				55339DF20F2AB7EB0051948D /* GDataSpreadsheetCell.m */,
				55339DF30F2AB7EB0051948D /* GDataSpreadsheetCell.h */,
				55339DF40F2AB7EB0051948D /* GDataSpreadsheet.h */,
				55339DF50F2AB7EB0051948D /* GDataServiceGoogleSpreadsheet.m */,
				55339DF60F2AB7EB0051948D /* GDataServiceGoogleSpreadsheet.h */,
				55339DF70F2AB7EB0051948D /* GDataFeedSpreadsheetCell.m */,
				55339DF80F2AB7EB0051948D /* GDataFeedSpreadsheetCell.h */,
				55339DF90F2AB7EB0051948D /* GDataFeedSpreadsheet.m */,
				55339DFA0F2AB7EB0051948D /* GDataFeedSpreadsheet.h */,
			);
			name = Spreadsheets;
			sourceTree = "<group>";
		};
		55339E090F2AB8230051948D /* BaseClasses */ = {
			isa = PBXGroup;
			children = (
				55339E0B0F2AB8350051948D /* GDataQuery.m */,
				55339E0C0F2AB8350051948D /* GDataServiceGoogle.m */,
				55339E0D0F2AB8350051948D /* GDataEntryEvent.m */,
				55339E0E0F2AB8350051948D /* GDataEntryEvent.h */,
				55339E0F0F2AB8350051948D /* GDataQuery.h */,
				55339E100F2AB8350051948D /* GDataEntryMessage.m */,
				55339E110F2AB8350051948D /* GDataServiceGoogle.h */,
				55339E120F2AB8350051948D /* GDataEntryMessage.h */,
				55339E130F2AB8350051948D /* GDataObject.h */,
				55339E140F2AB8350051948D /* GDataEntryBase.h */,
				55339E150F2AB8350051948D /* GDataServiceBase.m */,
				55339E160F2AB8350051948D /* GDataEntryBase.m */,
				55339E170F2AB8350051948D /* GDataFeedEvent.h */,
				55339E180F2AB8350051948D /* GDataObject.m */,
				55339E190F2AB8350051948D /* GDataFeedBase.m */,
				55339E1A0F2AB8350051948D /* GDataFeedBase.h */,
				55339E1B0F2AB8350051948D /* GDataFeedEvent.m */,
				55339E1C0F2AB8350051948D /* GDataFeedMessage.m */,
				55339E1D0F2AB8350051948D /* GDataFeedMessage.h */,
				55339E1E0F2AB8350051948D /* GDataServiceBase.h */,
			);
			name = BaseClasses;
			sourceTree = "<group>";
		};
		55339E2A0F2AB8720051948D /* Elements */ = {
			isa = PBXGroup;
			children = (
				55339E2C0F2AB8880051948D /* GDataDateTime.h */,
				55339E2D0F2AB8880051948D /* GDataAtomPubControl.m */,
				55339E2E0F2AB8880051948D /* GDataRating.m */,
				55339E2F0F2AB8880051948D /* GDataRating.h */,
				55339E300F2AB8880051948D /* GDataPhoneNumber.m */,
				55339E310F2AB8880051948D /* GDataPhoneNumber.h */,
				55339E320F2AB8880051948D /* GDataFeedLink.m */,
				55339E330F2AB8880051948D /* GDataRecurrence.m */,
				55339E340F2AB8880051948D /* GDataRecurrence.h */,
				55339E350F2AB8880051948D /* GDataGeoPt.m */,
				55339E360F2AB8880051948D /* GDataGeoPt.h */,
				55339E370F2AB8880051948D /* GDataDeleted.m */,
				55339E380F2AB8880051948D /* GDataPostalAddress.m */,
				55339E390F2AB8880051948D /* GDataPostalAddress.h */,
				55339E3A0F2AB8880051948D /* GDataWhen.m */,
				55339E3B0F2AB8880051948D /* GDataWhen.h */,
				55339E3C0F2AB8880051948D /* GDataPerson.m */,
				55339E3D0F2AB8880051948D /* GDataPerson.h */,
				55339E3E0F2AB8880051948D /* GDataOriginalEvent.m */,
				55339E3F0F2AB8880051948D /* GDataOriginalEvent.h */,
				55339E400F2AB8880051948D /* GDataRecurrenceException.m */,
				55339E410F2AB8880051948D /* GDataRecurrenceException.h */,
				55339E420F2AB8880051948D /* GDataEntryLink.h */,
				55339E430F2AB8880051948D /* GDataBatchID.m */,
				55339E440F2AB8880051948D /* GDataBatchInterrupted.m */,
				55339E450F2AB8880051948D /* GDataWho.m */,
				55339E460F2AB8880051948D /* GDataWho.h */,
				55339E470F2AB8880051948D /* GDataOrganization.m */,
				55339E480F2AB8880051948D /* GDataOrganization.h */,
				55339E490F2AB8880051948D /* GDataBatchOperation.m */,
				55339E4A0F2AB8880051948D /* GDataBatchInterrupted.h */,
				55339E4B0F2AB8880051948D /* GDataMoney.m */,
				55339E4C0F2AB8880051948D /* GDataMoney.h */,
				55339E4D0F2AB8880051948D /* GDataValueConstruct.m */,
				55339E4E0F2AB8880051948D /* GDataValueConstruct.h */,
				55339E4F0F2AB8880051948D /* GDataEntryLink.m */,
				55339E500F2AB8880051948D /* GDataIM.m */,
				55339E510F2AB8880051948D /* GDataIM.h */,
				55339E520F2AB8880051948D /* GDataBatchStatus.m */,
				55339E530F2AB8880051948D /* GDataLink.m */,
				55339E540F2AB8880051948D /* GDataLink.h */,
				55339E550F2AB8880051948D /* GDataComment.h */,
				55339E560F2AB8880051948D /* GDataBaseElements.h */,
				55339E570F2AB8880051948D /* GDataBatchOperation.h */,
				55339E580F2AB8880051948D /* GDataGenerator.m */,
				55339E590F2AB8880051948D /* GDataCategory.h */,
				55339E5A0F2AB8880051948D /* GDataWhere.m */,
				55339E5B0F2AB8880051948D /* GDataWhere.h */,
				55339E5C0F2AB8880051948D /* GDataExtendedProperty.h */,
				55339E5D0F2AB8880051948D /* GDataGenerator.h */,
				55339E5E0F2AB8880051948D /* GDataBaseElements.m */,
				55339E5F0F2AB8880051948D /* GDataReminder.m */,
				55339E600F2AB8880051948D /* GDataReminder.h */,
				55339E610F2AB8880051948D /* GDataEntryContent.m */,
				55339E620F2AB8880051948D /* GDataFeedLink.h */,
				55339E630F2AB8880051948D /* GDataAtomPubControl.h */,
				55339E640F2AB8880051948D /* GDataComment.m */,
				55339E650F2AB8880051948D /* GDataDateTime.m */,
				55339E660F2AB8880051948D /* GDataEmail.m */,
				55339E670F2AB8880051948D /* GDataBatchStatus.h */,
				55339E680F2AB8880051948D /* GDataTextConstruct.m */,
				55339E690F2AB8880051948D /* GDataTextConstruct.h */,
				55339E6A0F2AB8880051948D /* GDataElements.h */,
				55339E6B0F2AB8880051948D /* GDataDeleted.h */,
				55339E6C0F2AB8880051948D /* GDataBatchID.h */,
				55339E6D0F2AB8880051948D /* GDataExtendedProperty.m */,
				55339E6E0F2AB8880051948D /* GDataCategory.m */,
				55339E6F0F2AB8880051948D /* GDataEntryContent.h */,
				55339E700F2AB8880051948D /* GDataEmail.h */,
			);
			name = Elements;
			sourceTree = "<group>";
		};
		55339E960F2AB8AC0051948D /* Networking */ = {
			isa = PBXGroup;
			children = (
				55339E970F2AB8B90051948D /* GDataProgressMonitorInputStream.m */,
				55339E980F2AB8B90051948D /* GDataProgressMonitorInputStream.h */,
				55339E990F2AB8B90051948D /* GDataHTTPFetcherLogging.h */,
				55339E9A0F2AB8B90051948D /* GDataMIMEDocument.m */,
				55339E9B0F2AB8B90051948D /* GDataMIMEDocument.h */,
				55339E9C0F2AB8B90051948D /* GDataHTTPFetcher.h */,
				55339E9D0F2AB8B90051948D /* GDataGatherInputStream.m */,
				55339E9E0F2AB8B90051948D /* GDataHTTPFetcherLogging.m */,
				55339E9F0F2AB8B90051948D /* GDataGatherInputStream.h */,
				55339EA00F2AB8B90051948D /* GDataHTTPFetcher.m */,
			);
			name = Networking;
			sourceTree = "<group>";
		};
		55339EB00F2AB8FA0051948D /* ACL */ = {
			isa = PBXGroup;
			children = (
				55339EB50F2AB9140051948D /* GDataACLRole.h */,
				55339EB60F2AB9140051948D /* GDataACLRole.m */,
				55339EB70F2AB9140051948D /* GDataACLScope.m */,
				55339EB80F2AB9140051948D /* GDataEntryACL.m */,
				55339EB90F2AB9140051948D /* GDataACLScope.h */,
				55339EBA0F2AB9140051948D /* GDataEntryACL.h */,
				55339EBB0F2AB9140051948D /* GDataFeedACL.m */,
				55339EBC0F2AB9140051948D /* GDataFeedACL.h */,
			);
			name = ACL;
			sourceTree = "<group>";
		};
/* End PBXGroup section */

/* Begin PBXNativeTarget section */
		8D1AC9600486D14A00FE50C9 /* BudgetWatchPlugin */ = {
			isa = PBXNativeTarget;
			buildConfigurationList = C027D11908A954E7001699E2 /* Build configuration list for PBXNativeTarget "BudgetWatchPlugin" */;
			buildPhases = (
				8D1AC9660486D14A00FE50C9 /* Resources */,
				8D1AC96A0486D14A00FE50C9 /* Sources */,
				8D1AC96E0486D14A00FE50C9 /* Frameworks */,
			);
			buildRules = (
			);
			dependencies = (
			);
			name = BudgetWatchPlugin;
			productInstallPath = "$(HOME)/Developer/Palettes";
			productName = BudgetWatchPlugin;
			productReference = 8D1AC9740486D14A00FE50C9 /* BudgetWatchPlugin.webplugin */;
			productType = "com.apple.product-type.bundle";
		};
/* End PBXNativeTarget section */

/* Begin PBXProject section */
		0259C573FE90428111CA0C5A /* Project object */ = {
			isa = PBXProject;
			buildConfigurationList = C027D11D08A954E7001699E2 /* Build configuration list for PBXProject "BudgetWatchPlugin" */;
			compatibilityVersion = "Xcode 3.1";
			hasScannedForEncodings = 1;
			mainGroup = 0259C574FE90428111CA0C5A /* BudgetWatchPlugin */;
			projectDirPath = "";
			projectRoot = "";
			targets = (
				8D1AC9600486D14A00FE50C9 /* BudgetWatchPlugin */,
			);
		};
/* End PBXProject section */

/* Begin PBXResourcesBuildPhase section */
		8D1AC9660486D14A00FE50C9 /* Resources */ = {
			isa = PBXResourcesBuildPhase;
			buildActionMask = 2147483647;
			files = (
				8D1AC9800486D23B00FE50C9 /* InfoPlist.strings in Resources */,
			);
			runOnlyForDeploymentPostprocessing = 0;
		};
/* End PBXResourcesBuildPhase section */

/* Begin PBXSourcesBuildPhase section */
		8D1AC96A0486D14A00FE50C9 /* Sources */ = {
			isa = PBXSourcesBuildPhase;
			buildActionMask = 2147483647;
			files = (
				8D1AC96B0486D14A00FE50C9 /* BudgetWatchPluginView.m in Sources */,
				55339DFB0F2AB7EB0051948D /* GDataEntrySpreadsheetList.m in Sources */,
				55339DFC0F2AB7EB0051948D /* GDataFeedWorksheet.m in Sources */,
				55339DFD0F2AB7EB0051948D /* GDataFeedSpreadsheetList.m in Sources */,
				55339DFE0F2AB7EB0051948D /* GDataRowColumnCount.m in Sources */,
				55339DFF0F2AB7EB0051948D /* GDataQuerySpreadsheet.m in Sources */,
				55339E000F2AB7EB0051948D /* GDataEntrySpreadsheetCell.m in Sources */,
				55339E010F2AB7EB0051948D /* GDataEntryWorksheet.m in Sources */,
				55339E020F2AB7EB0051948D /* GDataEntrySpreadsheet.m in Sources */,
				55339E030F2AB7EB0051948D /* GDataSpreadsheetCustomElement.m in Sources */,
				55339E040F2AB7EB0051948D /* GDataSpreadsheetCell.m in Sources */,
				55339E050F2AB7EB0051948D /* GDataServiceGoogleSpreadsheet.m in Sources */,
				55339E060F2AB7EB0051948D /* GDataFeedSpreadsheetCell.m in Sources */,
				55339E070F2AB7EB0051948D /* GDataFeedSpreadsheet.m in Sources */,
				55339E1F0F2AB8350051948D /* GDataQuery.m in Sources */,
				55339E200F2AB8350051948D /* GDataServiceGoogle.m in Sources */,
				55339E210F2AB8350051948D /* GDataEntryEvent.m in Sources */,
				55339E220F2AB8350051948D /* GDataEntryMessage.m in Sources */,
				55339E230F2AB8350051948D /* GDataServiceBase.m in Sources */,
				55339E240F2AB8350051948D /* GDataEntryBase.m in Sources */,
				55339E250F2AB8350051948D /* GDataObject.m in Sources */,
				55339E260F2AB8350051948D /* GDataFeedBase.m in Sources */,
				55339E270F2AB8350051948D /* GDataFeedEvent.m in Sources */,
				55339E280F2AB8350051948D /* GDataFeedMessage.m in Sources */,
				55339E710F2AB8880051948D /* GDataAtomPubControl.m in Sources */,
				55339E720F2AB8880051948D /* GDataRating.m in Sources */,
				55339E730F2AB8880051948D /* GDataPhoneNumber.m in Sources */,
				55339E740F2AB8880051948D /* GDataFeedLink.m in Sources */,
				55339E750F2AB8880051948D /* GDataRecurrence.m in Sources */,
				55339E760F2AB8880051948D /* GDataGeoPt.m in Sources */,
				55339E770F2AB8880051948D /* GDataDeleted.m in Sources */,
				55339E780F2AB8880051948D /* GDataPostalAddress.m in Sources */,
				55339E790F2AB8880051948D /* GDataWhen.m in Sources */,
				55339E7A0F2AB8880051948D /* GDataPerson.m in Sources */,
				55339E7B0F2AB8880051948D /* GDataOriginalEvent.m in Sources */,
				55339E7C0F2AB8880051948D /* GDataRecurrenceException.m in Sources */,
				55339E7D0F2AB8880051948D /* GDataBatchID.m in Sources */,
				55339E7E0F2AB8880051948D /* GDataBatchInterrupted.m in Sources */,
				55339E7F0F2AB8880051948D /* GDataWho.m in Sources */,
				55339E800F2AB8880051948D /* GDataOrganization.m in Sources */,
				55339E810F2AB8880051948D /* GDataBatchOperation.m in Sources */,
				55339E820F2AB8880051948D /* GDataMoney.m in Sources */,
				55339E830F2AB8880051948D /* GDataValueConstruct.m in Sources */,
				55339E840F2AB8880051948D /* GDataEntryLink.m in Sources */,
				55339E850F2AB8880051948D /* GDataIM.m in Sources */,
				55339E860F2AB8880051948D /* GDataBatchStatus.m in Sources */,
				55339E870F2AB8880051948D /* GDataLink.m in Sources */,
				55339E880F2AB8880051948D /* GDataGenerator.m in Sources */,
				55339E890F2AB8880051948D /* GDataWhere.m in Sources */,
				55339E8A0F2AB8880051948D /* GDataBaseElements.m in Sources */,
				55339E8B0F2AB8880051948D /* GDataReminder.m in Sources */,
				55339E8C0F2AB8880051948D /* GDataEntryContent.m in Sources */,
				55339E8D0F2AB8880051948D /* GDataComment.m in Sources */,
				55339E8E0F2AB8880051948D /* GDataDateTime.m in Sources */,
				55339E8F0F2AB8880051948D /* GDataEmail.m in Sources */,
				55339E900F2AB8880051948D /* GDataTextConstruct.m in Sources */,
				55339E910F2AB8880051948D /* GDataExtendedProperty.m in Sources */,
				55339E920F2AB8880051948D /* GDataCategory.m in Sources */,
				55339EA10F2AB8B90051948D /* GDataProgressMonitorInputStream.m in Sources */,
				55339EA20F2AB8B90051948D /* GDataMIMEDocument.m in Sources */,
				55339EA30F2AB8B90051948D /* GDataGatherInputStream.m in Sources */,
				55339EA40F2AB8B90051948D /* GDataHTTPFetcherLogging.m in Sources */,
				55339EA50F2AB8B90051948D /* GDataHTTPFetcher.m in Sources */,
				55339EAD0F2AB8E50051948D /* GDataUtilities.m in Sources */,
				55339EAE0F2AB8E50051948D /* GDataFramework.m in Sources */,
				55339EBD0F2AB9140051948D /* GDataACLRole.m in Sources */,
				55339EBE0F2AB9140051948D /* GDataACLScope.m in Sources */,
				55339EBF0F2AB9140051948D /* GDataEntryACL.m in Sources */,
				55339EC00F2AB9140051948D /* GDataFeedACL.m in Sources */,
				55339ECC0F2ABA7D0051948D /* BudgetWatchWorksheet.m in Sources */,
			);
			runOnlyForDeploymentPostprocessing = 0;
		};
/* End PBXSourcesBuildPhase section */

/* Begin PBXVariantGroup section */
		8D1AC97F0486D23B00FE50C9 /* InfoPlist.strings */ = {
			isa = PBXVariantGroup;
			children = (
				8D1AC97B0486D23100FE50C9 /* English */,
			);
			name = InfoPlist.strings;
			sourceTree = "<group>";
		};
/* End PBXVariantGroup section */

/* Begin XCBuildConfiguration section */
		C027D11A08A954E7001699E2 /* Debug */ = {
			isa = XCBuildConfiguration;
			buildSettings = {
				COPY_PHASE_STRIP = NO;
				FRAMEWORK_SEARCH_PATHS = (
					"$(inherited)",
					"\"$(SRCROOT)/Source/build/Debug\"",
				);
				GCC_ENABLE_FIX_AND_CONTINUE = YES;
				GCC_OPTIMIZATION_LEVEL = 0;
				LIBRARY_SEARCH_PATHS = (
					"$(inherited)",
					"\"$(SRCROOT)/Source/build/GData.build/Debug/GDataFramework.build/Objects-normal/i386\"",
					"\"$(SRCROOT)/Source/build/GData.build/Debug/GDataFramework.build/Objects-normal/ppc\"",
				);
			};
			name = Debug;
		};
		C027D11B08A954E7001699E2 /* Release */ = {
			isa = XCBuildConfiguration;
			buildSettings = {
				FRAMEWORK_SEARCH_PATHS = (
					"$(inherited)",
					"\"$(SRCROOT)/Source/build/Debug\"",
				);
				LIBRARY_SEARCH_PATHS = (
					"$(inherited)",
					"\"$(SRCROOT)/Source/build/GData.build/Debug/GDataFramework.build/Objects-normal/i386\"",
					"\"$(SRCROOT)/Source/build/GData.build/Debug/GDataFramework.build/Objects-normal/ppc\"",
				);
			};
			name = Release;
		};
		C027D11E08A954E7001699E2 /* Debug */ = {
			isa = XCBuildConfiguration;
			buildSettings = {
				ARCHS = "$(ARCHS_STANDARD_32_BIT)";
				GCC_C_LANGUAGE_STANDARD = c99;
				GCC_PRECOMPILE_PREFIX_HEADER = YES;
				GCC_PREFIX_HEADER = BudgetWatchPlugin_Prefix.pch;
				INFOPLIST_FILE = Info.plist;
				INSTALL_PATH = "$(HOME)/Library/Internet Plug-Ins";
				ONLY_ACTIVE_ARCH = YES;
				PRODUCT_NAME = BudgetWatchPlugin;
				SDKROOT = macosx10.5;
				USER_HEADER_SEARCH_PATHS = "../GData/**";
				WARNING_CFLAGS = "-Wall";
				WRAPPER_EXTENSION = webplugin;
			};
			name = Debug;
		};
		C027D11F08A954E7001699E2 /* Release */ = {
			isa = XCBuildConfiguration;
			buildSettings = {
				ARCHS = "$(ARCHS_STANDARD_32_BIT)";
				DEBUG_INFORMATION_FORMAT = "dwarf-with-dsym";
				GCC_C_LANGUAGE_STANDARD = c99;
				GCC_PRECOMPILE_PREFIX_HEADER = YES;
				GCC_PREFIX_HEADER = BudgetWatchPlugin_Prefix.pch;
				INFOPLIST_FILE = Info.plist;
				INSTALL_PATH = "$(HOME)/Library/Internet Plug-Ins";
				PRODUCT_NAME = BudgetWatchPlugin;
				SDKROOT = macosx10.5;
				USER_HEADER_SEARCH_PATHS = "../GData/**";
				WARNING_CFLAGS = "-Wall";
				WRAPPER_EXTENSION = webplugin;
			};
			name = Release;
		};
/* End XCBuildConfiguration section */

/* Begin XCConfigurationList section */
		C027D11908A954E7001699E2 /* Build configuration list for PBXNativeTarget "BudgetWatchPlugin" */ = {
			isa = XCConfigurationList;
			buildConfigurations = (
				C027D11A08A954E7001699E2 /* Debug */,
				C027D11B08A954E7001699E2 /* Release */,
			);
			defaultConfigurationIsVisible = 0;
			defaultConfigurationName = Release;
		};
		C027D11D08A954E7001699E2 /* Build configuration list for PBXProject "BudgetWatchPlugin" */ = {
			isa = XCConfigurationList;
			buildConfigurations = (
				C027D11E08A954E7001699E2 /* Debug */,
				C027D11F08A954E7001699E2 /* Release */,
			);
			defaultConfigurationIsVisible = 0;
			defaultConfigurationName = Release;
		};
/* End XCConfigurationList section */
	};
	rootObject = 0259C573FE90428111CA0C5A /* Project object */;
}
